PODS:
  - RxSwift (5.0.0)
  - Viper (1.0.0):
    - RxSwift (~> 5.0.0)

DEPENDENCIES:
  - RxSwift (~> 5.0.0)
  - Viper (from `./Viper/Viper.podspec`)

SPEC REPOS:
  trunk:
    - RxSwift

EXTERNAL SOURCES:
  Viper:
    :path: "./Viper/Viper.podspec"

SPEC CHECKSUMS:
  RxSwift: 8b0671caa829a763bbce7271095859121cbd895f
  Viper: cc582a96a02cb35520fc560a3869041e5dbf9170

PODFILE CHECKSUM: 1d5c2c633d9ecc85e8e7ec54f680c4e1b2dcfdbb

COCOAPODS: 1.8.1
