PODS:
  - Alamofire (5.0.0-rc.2)
  - RxSwift (5.0.0)
  - Viper (1.0.0):
    - RxSwift (~> 5.0.0)

DEPENDENCIES:
  - Alamofire (~> 5.0.0-rc.2)
  - RxSwift (~> 5.0.0)
  - Viper (from `./Viper/Viper.podspec`)

SPEC REPOS:
  trunk:
    - Alamofire
    - RxSwift

EXTERNAL SOURCES:
  Viper:
    :path: "./Viper/Viper.podspec"

SPEC CHECKSUMS:
  Alamofire: f9450d3c7f6bea2ad62e7a541c3e9b186c7991d6
  RxSwift: 8b0671caa829a763bbce7271095859121cbd895f
  Viper: cc582a96a02cb35520fc560a3869041e5dbf9170

PODFILE CHECKSUM: 673471248d3a7d753e29ea515b0f5a2b1eaef65d

COCOAPODS: 1.8.4
