// !$*UTF8*$!
{
	archiveVersion = 1;
	classes = {
	};
	objectVersion = 50;
	objects = {

/* Begin PBXBuildFile section */
		2C23CCE22354496800DAFC18 /* DefaultUserInfo.swift in Sources */ = {isa = PBXBuildFile; fileRef = 2C23CCE12354496800DAFC18 /* DefaultUserInfo.swift */; };
		2C30B01D2360B6600024B459 /* UserInfo.swift in Sources */ = {isa = PBXBuildFile; fileRef = 2C0945532346EA66003C33AE /* UserInfo.swift */; };
		2C30B01E2360B6780024B459 /* LoginView.swift in Sources */ = {isa = PBXBuildFile; fileRef = 2C35B3C523445BCB00DF0674 /* LoginView.swift */; };
		2C30B0202360B6940024B459 /* ToggleSettingRow.swift in Sources */ = {isa = PBXBuildFile; fileRef = 2C09454D2346E68F003C33AE /* ToggleSettingRow.swift */; };
		2C30B0212360B6B60024B459 /* SettingListView.swift in Sources */ = {isa = PBXBuildFile; fileRef = 2C0945492346E137003C33AE /* SettingListView.swift */; };
		2C30B0222360B6B60024B459 /* TabBarView.swift in Sources */ = {isa = PBXBuildFile; fileRef = 2C0945472346E123003C33AE /* TabBarView.swift */; };
		2C30B0292360C8C10024B459 /* UserRepository.swift in Sources */ = {isa = PBXBuildFile; fileRef = 2C30B0282360C8C10024B459 /* UserRepository.swift */; };
		2C30B02B2360C9160024B459 /* FBService.swift in Sources */ = {isa = PBXBuildFile; fileRef = 2C30B02A2360C9160024B459 /* FBService.swift */; };
		2C30B02E2361A2880024B459 /* FBUser.swift in Sources */ = {isa = PBXBuildFile; fileRef = 2C30B02D2361A2880024B459 /* FBUser.swift */; };
		2C30B0302361B39C0024B459 /* MockRequest.swift in Sources */ = {isa = PBXBuildFile; fileRef = 2C30B02F2361B39C0024B459 /* MockRequest.swift */; };
		2C35B2612343355700DF0674 /* AppDelegate.swift in Sources */ = {isa = PBXBuildFile; fileRef = 2C35B2602343355700DF0674 /* AppDelegate.swift */; };
		2C35B2632343355700DF0674 /* SceneDelegate.swift in Sources */ = {isa = PBXBuildFile; fileRef = 2C35B2622343355700DF0674 /* SceneDelegate.swift */; };
		2C35B2672343355900DF0674 /* Assets.xcassets in Resources */ = {isa = PBXBuildFile; fileRef = 2C35B2662343355900DF0674 /* Assets.xcassets */; };
		2C35B26A2343355900DF0674 /* Preview Assets.xcassets in Resources */ = {isa = PBXBuildFile; fileRef = 2C35B2692343355900DF0674 /* Preview Assets.xcassets */; };
		2C35B26D2343355900DF0674 /* LaunchScreen.storyboard in Resources */ = {isa = PBXBuildFile; fileRef = 2C35B26B2343355900DF0674 /* LaunchScreen.storyboard */; };
		2C35B2782343355900DF0674 /* ViperAppTests.swift in Sources */ = {isa = PBXBuildFile; fileRef = 2C35B2772343355900DF0674 /* ViperAppTests.swift */; };
		2C35B2832343355900DF0674 /* ViperAppUITests.swift in Sources */ = {isa = PBXBuildFile; fileRef = 2C35B2822343355900DF0674 /* ViperAppUITests.swift */; };
		2C35B3CB2344648B00DF0674 /* SetupView.swift in Sources */ = {isa = PBXBuildFile; fileRef = 2C35B3CA2344648B00DF0674 /* SetupView.swift */; };
		2C6AC59523A94EDD00FCED8A /* FeedListView.swift in Sources */ = {isa = PBXBuildFile; fileRef = 2C6AC59423A94EDD00FCED8A /* FeedListView.swift */; };
		2C6AC59723A94EEC00FCED8A /* FeedDetailView.swift in Sources */ = {isa = PBXBuildFile; fileRef = 2C6AC59623A94EEC00FCED8A /* FeedDetailView.swift */; };
		2C6AC59923A9518600FCED8A /* ActionSettingRow.swift in Sources */ = {isa = PBXBuildFile; fileRef = 2C6AC59823A9518600FCED8A /* ActionSettingRow.swift */; };
		2C6AC59B23A9540800FCED8A /* SettingController.swift in Sources */ = {isa = PBXBuildFile; fileRef = 2C6AC59A23A9540800FCED8A /* SettingController.swift */; };
		2C6AC59D23A9547400FCED8A /* AuthController.swift in Sources */ = {isa = PBXBuildFile; fileRef = 2C6AC59C23A9547400FCED8A /* AuthController.swift */; };
		2C6AC5A123A9590600FCED8A /* FeedController.swift in Sources */ = {isa = PBXBuildFile; fileRef = 2C6AC5A023A9590500FCED8A /* FeedController.swift */; };
		2C6AC5A323A95AF500FCED8A /* FeedRow.swift in Sources */ = {isa = PBXBuildFile; fileRef = 2C6AC5A223A95AF500FCED8A /* FeedRow.swift */; };
		2C6EC1632346023400C644E5 /* DefaultRoutingResolver.swift in Sources */ = {isa = PBXBuildFile; fileRef = 2C6EC1622346023400C644E5 /* DefaultRoutingResolver.swift */; };
		950481B5D7B09FF101B32785 /* libPods-ViperApp.a in Frameworks */ = {isa = PBXBuildFile; fileRef = 4700A788201B8B800BEDABCB /* libPods-ViperApp.a */; };
/* End PBXBuildFile section */

/* Begin PBXContainerItemProxy section */
		2C35B2742343355900DF0674 /* PBXContainerItemProxy */ = {
			isa = PBXContainerItemProxy;
			containerPortal = 2C35B2552343355700DF0674 /* Project object */;
			proxyType = 1;
			remoteGlobalIDString = 2C35B25C2343355700DF0674;
			remoteInfo = ViperApp;
		};
		2C35B27F2343355900DF0674 /* PBXContainerItemProxy */ = {
			isa = PBXContainerItemProxy;
			containerPortal = 2C35B2552343355700DF0674 /* Project object */;
			proxyType = 1;
			remoteGlobalIDString = 2C35B25C2343355700DF0674;
			remoteInfo = ViperApp;
		};
/* End PBXContainerItemProxy section */

/* Begin PBXCopyFilesBuildPhase section */
		2C35B2B82344513500DF0674 /* Embed Frameworks */ = {
			isa = PBXCopyFilesBuildPhase;
			buildActionMask = 2147483647;
			dstPath = "";
			dstSubfolderSpec = 10;
			files = (
			);
			name = "Embed Frameworks";
			runOnlyForDeploymentPostprocessing = 0;
		};
/* End PBXCopyFilesBuildPhase section */

/* Begin PBXFileReference section */
		2C0945472346E123003C33AE /* TabBarView.swift */ = {isa = PBXFileReference; lastKnownFileType = sourcecode.swift; path = TabBarView.swift; sourceTree = "<group>"; };
		2C0945492346E137003C33AE /* SettingListView.swift */ = {isa = PBXFileReference; lastKnownFileType = sourcecode.swift; path = SettingListView.swift; sourceTree = "<group>"; };
		2C09454D2346E68F003C33AE /* ToggleSettingRow.swift */ = {isa = PBXFileReference; fileEncoding = 4; lastKnownFileType = sourcecode.swift; path = ToggleSettingRow.swift; sourceTree = "<group>"; };
		2C0945532346EA66003C33AE /* UserInfo.swift */ = {isa = PBXFileReference; lastKnownFileType = sourcecode.swift; path = UserInfo.swift; sourceTree = "<group>"; };
		2C23CCE12354496800DAFC18 /* DefaultUserInfo.swift */ = {isa = PBXFileReference; lastKnownFileType = sourcecode.swift; path = DefaultUserInfo.swift; sourceTree = "<group>"; };
		2C30B0282360C8C10024B459 /* UserRepository.swift */ = {isa = PBXFileReference; fileEncoding = 4; lastKnownFileType = sourcecode.swift; path = UserRepository.swift; sourceTree = "<group>"; };
		2C30B02A2360C9160024B459 /* FBService.swift */ = {isa = PBXFileReference; lastKnownFileType = sourcecode.swift; path = FBService.swift; sourceTree = "<group>"; };
		2C30B02D2361A2880024B459 /* FBUser.swift */ = {isa = PBXFileReference; lastKnownFileType = sourcecode.swift; path = FBUser.swift; sourceTree = "<group>"; };
		2C30B02F2361B39C0024B459 /* MockRequest.swift */ = {isa = PBXFileReference; lastKnownFileType = sourcecode.swift; path = MockRequest.swift; sourceTree = "<group>"; };
		2C35B25D2343355700DF0674 /* ViperApp.app */ = {isa = PBXFileReference; explicitFileType = wrapper.application; includeInIndex = 0; path = ViperApp.app; sourceTree = BUILT_PRODUCTS_DIR; };
		2C35B2602343355700DF0674 /* AppDelegate.swift */ = {isa = PBXFileReference; lastKnownFileType = sourcecode.swift; path = AppDelegate.swift; sourceTree = "<group>"; };
		2C35B2622343355700DF0674 /* SceneDelegate.swift */ = {isa = PBXFileReference; lastKnownFileType = sourcecode.swift; path = SceneDelegate.swift; sourceTree = "<group>"; };
		2C35B2662343355900DF0674 /* Assets.xcassets */ = {isa = PBXFileReference; lastKnownFileType = folder.assetcatalog; path = Assets.xcassets; sourceTree = "<group>"; };
		2C35B2692343355900DF0674 /* Preview Assets.xcassets */ = {isa = PBXFileReference; lastKnownFileType = folder.assetcatalog; path = "Preview Assets.xcassets"; sourceTree = "<group>"; };
		2C35B26C2343355900DF0674 /* Base */ = {isa = PBXFileReference; lastKnownFileType = file.storyboard; name = Base; path = Base.lproj/LaunchScreen.storyboard; sourceTree = "<group>"; };
		2C35B26E2343355900DF0674 /* Info.plist */ = {isa = PBXFileReference; lastKnownFileType = text.plist.xml; path = Info.plist; sourceTree = "<group>"; };
		2C35B2732343355900DF0674 /* ViperAppTests.xctest */ = {isa = PBXFileReference; explicitFileType = wrapper.cfbundle; includeInIndex = 0; path = ViperAppTests.xctest; sourceTree = BUILT_PRODUCTS_DIR; };
		2C35B2772343355900DF0674 /* ViperAppTests.swift */ = {isa = PBXFileReference; lastKnownFileType = sourcecode.swift; path = ViperAppTests.swift; sourceTree = "<group>"; };
		2C35B2792343355900DF0674 /* Info.plist */ = {isa = PBXFileReference; lastKnownFileType = text.plist.xml; path = Info.plist; sourceTree = "<group>"; };
		2C35B27E2343355900DF0674 /* ViperAppUITests.xctest */ = {isa = PBXFileReference; explicitFileType = wrapper.cfbundle; includeInIndex = 0; path = ViperAppUITests.xctest; sourceTree = BUILT_PRODUCTS_DIR; };
		2C35B2822343355900DF0674 /* ViperAppUITests.swift */ = {isa = PBXFileReference; lastKnownFileType = sourcecode.swift; path = ViperAppUITests.swift; sourceTree = "<group>"; };
		2C35B2842343355900DF0674 /* Info.plist */ = {isa = PBXFileReference; lastKnownFileType = text.plist.xml; path = Info.plist; sourceTree = "<group>"; };
		2C35B3C523445BCB00DF0674 /* LoginView.swift */ = {isa = PBXFileReference; lastKnownFileType = sourcecode.swift; path = LoginView.swift; sourceTree = "<group>"; };
		2C35B3CA2344648B00DF0674 /* SetupView.swift */ = {isa = PBXFileReference; fileEncoding = 4; lastKnownFileType = sourcecode.swift; path = SetupView.swift; sourceTree = "<group>"; };
		2C6AC59423A94EDD00FCED8A /* FeedListView.swift */ = {isa = PBXFileReference; lastKnownFileType = sourcecode.swift; path = FeedListView.swift; sourceTree = "<group>"; };
		2C6AC59623A94EEC00FCED8A /* FeedDetailView.swift */ = {isa = PBXFileReference; lastKnownFileType = sourcecode.swift; path = FeedDetailView.swift; sourceTree = "<group>"; };
		2C6AC59823A9518600FCED8A /* ActionSettingRow.swift */ = {isa = PBXFileReference; lastKnownFileType = sourcecode.swift; path = ActionSettingRow.swift; sourceTree = "<group>"; };
		2C6AC59A23A9540800FCED8A /* SettingController.swift */ = {isa = PBXFileReference; lastKnownFileType = sourcecode.swift; path = SettingController.swift; sourceTree = "<group>"; };
		2C6AC59C23A9547400FCED8A /* AuthController.swift */ = {isa = PBXFileReference; fileEncoding = 4; lastKnownFileType = sourcecode.swift; path = AuthController.swift; sourceTree = "<group>"; };
		2C6AC5A023A9590500FCED8A /* FeedController.swift */ = {isa = PBXFileReference; fileEncoding = 4; lastKnownFileType = sourcecode.swift; path = FeedController.swift; sourceTree = "<group>"; };
		2C6AC5A223A95AF500FCED8A /* FeedRow.swift */ = {isa = PBXFileReference; lastKnownFileType = sourcecode.swift; path = FeedRow.swift; sourceTree = "<group>"; };
		2C6EC1622346023400C644E5 /* DefaultRoutingResolver.swift */ = {isa = PBXFileReference; lastKnownFileType = sourcecode.swift; path = DefaultRoutingResolver.swift; sourceTree = "<group>"; };
		36DFCC339CBA6F76DD4DAE45 /* Pods-ViperApp.debug.xcconfig */ = {isa = PBXFileReference; includeInIndex = 1; lastKnownFileType = text.xcconfig; name = "Pods-ViperApp.debug.xcconfig"; path = "Target Support Files/Pods-ViperApp/Pods-ViperApp.debug.xcconfig"; sourceTree = "<group>"; };
		4700A788201B8B800BEDABCB /* libPods-ViperApp.a */ = {isa = PBXFileReference; explicitFileType = archive.ar; includeInIndex = 0; path = "libPods-ViperApp.a"; sourceTree = BUILT_PRODUCTS_DIR; };
		BE90FB9DA4FC65139ACC7BDA /* Pods-ViperApp.release.xcconfig */ = {isa = PBXFileReference; includeInIndex = 1; lastKnownFileType = text.xcconfig; name = "Pods-ViperApp.release.xcconfig"; path = "Target Support Files/Pods-ViperApp/Pods-ViperApp.release.xcconfig"; sourceTree = "<group>"; };
/* End PBXFileReference section */

/* Begin PBXFrameworksBuildPhase section */
		2C35B25A2343355700DF0674 /* Frameworks */ = {
			isa = PBXFrameworksBuildPhase;
			buildActionMask = 2147483647;
			files = (
				950481B5D7B09FF101B32785 /* libPods-ViperApp.a in Frameworks */,
			);
			runOnlyForDeploymentPostprocessing = 0;
		};
		2C35B2702343355900DF0674 /* Frameworks */ = {
			isa = PBXFrameworksBuildPhase;
			buildActionMask = 2147483647;
			files = (
			);
			runOnlyForDeploymentPostprocessing = 0;
		};
		2C35B27B2343355900DF0674 /* Frameworks */ = {
			isa = PBXFrameworksBuildPhase;
			buildActionMask = 2147483647;
			files = (
			);
			runOnlyForDeploymentPostprocessing = 0;
		};
/* End PBXFrameworksBuildPhase section */

/* Begin PBXGroup section */
		2C09454F2346E699003C33AE /* SettingRows */ = {
			isa = PBXGroup;
			children = (
				2C09454D2346E68F003C33AE /* ToggleSettingRow.swift */,
				2C6AC59823A9518600FCED8A /* ActionSettingRow.swift */,
			);
			path = SettingRows;
			sourceTree = "<group>";
		};
		2C0945502346E8D9003C33AE /* Feed */ = {
			isa = PBXGroup;
			children = (
				2C6AC5A423A95B0700FCED8A /* FeedRows */,
				2C6AC59423A94EDD00FCED8A /* FeedListView.swift */,
				2C6AC59623A94EEC00FCED8A /* FeedDetailView.swift */,
			);
			path = Feed;
			sourceTree = "<group>";
		};
		2C0945512346E8E2003C33AE /* Setting */ = {
			isa = PBXGroup;
			children = (
				2C09454F2346E699003C33AE /* SettingRows */,
				2C0945492346E137003C33AE /* SettingListView.swift */,
			);
			path = Setting;
			sourceTree = "<group>";
		};
		2C0945522346E8FE003C33AE /* Auth */ = {
			isa = PBXGroup;
			children = (
				2C35B3C523445BCB00DF0674 /* LoginView.swift */,
			);
			path = Auth;
			sourceTree = "<group>";
		};
		2C23CCE52354690600DAFC18 /* View */ = {
			isa = PBXGroup;
			children = (
				2C0945522346E8FE003C33AE /* Auth */,
				2C0945502346E8D9003C33AE /* Feed */,
				2C0945512346E8E2003C33AE /* Setting */,
				2C0945472346E123003C33AE /* TabBarView.swift */,
			);
			path = View;
			sourceTree = "<group>";
		};
		2C23CCE62354690C00DAFC18 /* Controller */ = {
			isa = PBXGroup;
			children = (
				2C23CCE12354496800DAFC18 /* DefaultUserInfo.swift */,
				2C6AC59C23A9547400FCED8A /* AuthController.swift */,
				2C6AC5A023A9590500FCED8A /* FeedController.swift */,
				2C6AC59A23A9540800FCED8A /* SettingController.swift */,
			);
			path = Controller;
			sourceTree = "<group>";
		};
		2C23CCE72354691600DAFC18 /* Interactor */ = {
			isa = PBXGroup;
			children = (
			);
			path = Interactor;
			sourceTree = "<group>";
		};
		2C23CCE82354692A00DAFC18 /* Repository */ = {
			isa = PBXGroup;
			children = (
				2CE33E9A23699EAD004C0A32 /* Utils */,
				2C23CCEA2354696600DAFC18 /* FB */,
				2C23CCE92354695700DAFC18 /* Local */,
			);
			path = Repository;
			sourceTree = "<group>";
		};
		2C23CCE92354695700DAFC18 /* Local */ = {
			isa = PBXGroup;
			children = (
				2C0945532346EA66003C33AE /* UserInfo.swift */,
			);
			path = Local;
			sourceTree = "<group>";
		};
		2C23CCEA2354696600DAFC18 /* FB */ = {
			isa = PBXGroup;
			children = (
				2C30B02C2361A26B0024B459 /* Model */,
				2C30B0282360C8C10024B459 /* UserRepository.swift */,
				2C30B02A2360C9160024B459 /* FBService.swift */,
			);
			path = FB;
			sourceTree = "<group>";
		};
		2C23CCED2355A82100DAFC18 /* App */ = {
			isa = PBXGroup;
			children = (
				2C35B2602343355700DF0674 /* AppDelegate.swift */,
				2C35B2622343355700DF0674 /* SceneDelegate.swift */,
				2C35B3CA2344648B00DF0674 /* SetupView.swift */,
				2C6EC1622346023400C644E5 /* DefaultRoutingResolver.swift */,
			);
			path = App;
			sourceTree = "<group>";
		};
		2C30B02C2361A26B0024B459 /* Model */ = {
			isa = PBXGroup;
			children = (
				2C30B02D2361A2880024B459 /* FBUser.swift */,
			);
			path = Model;
			sourceTree = "<group>";
		};
		2C35B2542343355700DF0674 = {
			isa = PBXGroup;
			children = (
				2C35B25F2343355700DF0674 /* ViperApp */,
				2C35B2762343355900DF0674 /* ViperAppTests */,
				2C35B2812343355900DF0674 /* ViperAppUITests */,
				2C35B25E2343355700DF0674 /* Products */,
				71526751F69DCC2293CE4B79 /* Pods */,
				3B948C646EE9250FFFEC02F1 /* Frameworks */,
			);
			sourceTree = "<group>";
		};
		2C35B25E2343355700DF0674 /* Products */ = {
			isa = PBXGroup;
			children = (
				2C35B25D2343355700DF0674 /* ViperApp.app */,
				2C35B2732343355900DF0674 /* ViperAppTests.xctest */,
				2C35B27E2343355900DF0674 /* ViperAppUITests.xctest */,
			);
			name = Products;
			sourceTree = "<group>";
		};
		2C35B25F2343355700DF0674 /* ViperApp */ = {
			isa = PBXGroup;
			children = (
				2C35B29423433FDB00DF0674 /* Sources */,
				2C35B29523433FED00DF0674 /* Resources */,
				2C35B26B2343355900DF0674 /* LaunchScreen.storyboard */,
				2C35B26E2343355900DF0674 /* Info.plist */,
				2C35B2682343355900DF0674 /* Preview Content */,
			);
			path = ViperApp;
			sourceTree = "<group>";
		};
		2C35B2682343355900DF0674 /* Preview Content */ = {
			isa = PBXGroup;
			children = (
				2C35B2692343355900DF0674 /* Preview Assets.xcassets */,
			);
			path = "Preview Content";
			sourceTree = "<group>";
		};
		2C35B2762343355900DF0674 /* ViperAppTests */ = {
			isa = PBXGroup;
			children = (
				2C35B2772343355900DF0674 /* ViperAppTests.swift */,
				2C35B2792343355900DF0674 /* Info.plist */,
			);
			path = ViperAppTests;
			sourceTree = "<group>";
		};
		2C35B2812343355900DF0674 /* ViperAppUITests */ = {
			isa = PBXGroup;
			children = (
				2C35B2822343355900DF0674 /* ViperAppUITests.swift */,
				2C35B2842343355900DF0674 /* Info.plist */,
			);
			path = ViperAppUITests;
			sourceTree = "<group>";
		};
		2C35B29423433FDB00DF0674 /* Sources */ = {
			isa = PBXGroup;
			children = (
				2C23CCED2355A82100DAFC18 /* App */,
				2C23CCE52354690600DAFC18 /* View */,
				2C23CCE62354690C00DAFC18 /* Controller */,
				2C23CCE72354691600DAFC18 /* Interactor */,
				2C23CCE82354692A00DAFC18 /* Repository */,
			);
			path = Sources;
			sourceTree = "<group>";
		};
		2C35B29523433FED00DF0674 /* Resources */ = {
			isa = PBXGroup;
			children = (
				2C35B2662343355900DF0674 /* Assets.xcassets */,
			);
			path = Resources;
			sourceTree = "<group>";
		};
		2C6AC5A423A95B0700FCED8A /* FeedRows */ = {
			isa = PBXGroup;
			children = (
				2C6AC5A223A95AF500FCED8A /* FeedRow.swift */,
			);
			path = FeedRows;
			sourceTree = "<group>";
		};
		2CE33E9A23699EAD004C0A32 /* Utils */ = {
			isa = PBXGroup;
			children = (
				2C30B02F2361B39C0024B459 /* MockRequest.swift */,
			);
			path = Utils;
			sourceTree = "<group>";
		};
		3B948C646EE9250FFFEC02F1 /* Frameworks */ = {
			isa = PBXGroup;
			children = (
				4700A788201B8B800BEDABCB /* libPods-ViperApp.a */,
			);
			name = Frameworks;
			sourceTree = "<group>";
		};
		71526751F69DCC2293CE4B79 /* Pods */ = {
			isa = PBXGroup;
			children = (
				36DFCC339CBA6F76DD4DAE45 /* Pods-ViperApp.debug.xcconfig */,
				BE90FB9DA4FC65139ACC7BDA /* Pods-ViperApp.release.xcconfig */,
			);
			name = Pods;
			path = ../Pods;
			sourceTree = "<group>";
		};
/* End PBXGroup section */

/* Begin PBXNativeTarget section */
		2C35B25C2343355700DF0674 /* ViperApp */ = {
			isa = PBXNativeTarget;
			buildConfigurationList = 2C35B2872343355900DF0674 /* Build configuration list for PBXNativeTarget "ViperApp" */;
			buildPhases = (
				CDA4703215EF0527BE26DC6A /* [CP] Check Pods Manifest.lock */,
				2C35B2592343355700DF0674 /* Sources */,
				2C35B25A2343355700DF0674 /* Frameworks */,
				2C35B25B2343355700DF0674 /* Resources */,
				2C35B2B82344513500DF0674 /* Embed Frameworks */,
			);
			buildRules = (
			);
			dependencies = (
			);
			name = ViperApp;
			productName = ViperApp;
			productReference = 2C35B25D2343355700DF0674 /* ViperApp.app */;
			productType = "com.apple.product-type.application";
		};
		2C35B2722343355900DF0674 /* ViperAppTests */ = {
			isa = PBXNativeTarget;
			buildConfigurationList = 2C35B28A2343355900DF0674 /* Build configuration list for PBXNativeTarget "ViperAppTests" */;
			buildPhases = (
				2C35B26F2343355900DF0674 /* Sources */,
				2C35B2702343355900DF0674 /* Frameworks */,
				2C35B2712343355900DF0674 /* Resources */,
			);
			buildRules = (
			);
			dependencies = (
				2C35B2752343355900DF0674 /* PBXTargetDependency */,
			);
			name = ViperAppTests;
			productName = ViperAppTests;
			productReference = 2C35B2732343355900DF0674 /* ViperAppTests.xctest */;
			productType = "com.apple.product-type.bundle.unit-test";
		};
		2C35B27D2343355900DF0674 /* ViperAppUITests */ = {
			isa = PBXNativeTarget;
			buildConfigurationList = 2C35B28D2343355900DF0674 /* Build configuration list for PBXNativeTarget "ViperAppUITests" */;
			buildPhases = (
				2C35B27A2343355900DF0674 /* Sources */,
				2C35B27B2343355900DF0674 /* Frameworks */,
				2C35B27C2343355900DF0674 /* Resources */,
			);
			buildRules = (
			);
			dependencies = (
				2C35B2802343355900DF0674 /* PBXTargetDependency */,
			);
			name = ViperAppUITests;
			productName = ViperAppUITests;
			productReference = 2C35B27E2343355900DF0674 /* ViperAppUITests.xctest */;
			productType = "com.apple.product-type.bundle.ui-testing";
		};
/* End PBXNativeTarget section */

/* Begin PBXProject section */
		2C35B2552343355700DF0674 /* Project object */ = {
			isa = PBXProject;
			attributes = {
				LastSwiftUpdateCheck = 1100;
				LastUpgradeCheck = 1100;
				ORGANIZATIONNAME = MBA;
				TargetAttributes = {
					2C35B25C2343355700DF0674 = {
						CreatedOnToolsVersion = 11.0;
					};
					2C35B2722343355900DF0674 = {
						CreatedOnToolsVersion = 11.0;
						TestTargetID = 2C35B25C2343355700DF0674;
					};
					2C35B27D2343355900DF0674 = {
						CreatedOnToolsVersion = 11.0;
						TestTargetID = 2C35B25C2343355700DF0674;
					};
				};
			};
			buildConfigurationList = 2C35B2582343355700DF0674 /* Build configuration list for PBXProject "ViperApp" */;
			compatibilityVersion = "Xcode 9.3";
			developmentRegion = en;
			hasScannedForEncodings = 0;
			knownRegions = (
				en,
				Base,
			);
			mainGroup = 2C35B2542343355700DF0674;
			productRefGroup = 2C35B25E2343355700DF0674 /* Products */;
			projectDirPath = "";
			projectRoot = "";
			targets = (
				2C35B25C2343355700DF0674 /* ViperApp */,
				2C35B2722343355900DF0674 /* ViperAppTests */,
				2C35B27D2343355900DF0674 /* ViperAppUITests */,
			);
		};
/* End PBXProject section */

/* Begin PBXResourcesBuildPhase section */
		2C35B25B2343355700DF0674 /* Resources */ = {
			isa = PBXResourcesBuildPhase;
			buildActionMask = 2147483647;
			files = (
				2C35B26D2343355900DF0674 /* LaunchScreen.storyboard in Resources */,
				2C35B26A2343355900DF0674 /* Preview Assets.xcassets in Resources */,
				2C35B2672343355900DF0674 /* Assets.xcassets in Resources */,
			);
			runOnlyForDeploymentPostprocessing = 0;
		};
		2C35B2712343355900DF0674 /* Resources */ = {
			isa = PBXResourcesBuildPhase;
			buildActionMask = 2147483647;
			files = (
			);
			runOnlyForDeploymentPostprocessing = 0;
		};
		2C35B27C2343355900DF0674 /* Resources */ = {
			isa = PBXResourcesBuildPhase;
			buildActionMask = 2147483647;
			files = (
			);
			runOnlyForDeploymentPostprocessing = 0;
		};
/* End PBXResourcesBuildPhase section */

/* Begin PBXShellScriptBuildPhase section */
		CDA4703215EF0527BE26DC6A /* [CP] Check Pods Manifest.lock */ = {
			isa = PBXShellScriptBuildPhase;
			buildActionMask = 2147483647;
			files = (
			);
			inputFileListPaths = (
			);
			inputPaths = (
				"${PODS_PODFILE_DIR_PATH}/Podfile.lock",
				"${PODS_ROOT}/Manifest.lock",
			);
			name = "[CP] Check Pods Manifest.lock";
			outputFileListPaths = (
			);
			outputPaths = (
				"$(DERIVED_FILE_DIR)/Pods-ViperApp-checkManifestLockResult.txt",
			);
			runOnlyForDeploymentPostprocessing = 0;
			shellPath = /bin/sh;
			shellScript = "diff \"${PODS_PODFILE_DIR_PATH}/Podfile.lock\" \"${PODS_ROOT}/Manifest.lock\" > /dev/null\nif [ $? != 0 ] ; then\n    # print error to STDERR\n    echo \"error: The sandbox is not in sync with the Podfile.lock. Run 'pod install' or update your CocoaPods installation.\" >&2\n    exit 1\nfi\n# This output is used by Xcode 'outputs' to avoid re-running this script phase.\necho \"SUCCESS\" > \"${SCRIPT_OUTPUT_FILE_0}\"\n";
			showEnvVarsInLog = 0;
		};
/* End PBXShellScriptBuildPhase section */

/* Begin PBXSourcesBuildPhase section */
		2C35B2592343355700DF0674 /* Sources */ = {
			isa = PBXSourcesBuildPhase;
			buildActionMask = 2147483647;
			files = (
				2C30B0212360B6B60024B459 /* SettingListView.swift in Sources */,
				2C30B0302361B39C0024B459 /* MockRequest.swift in Sources */,
				2C30B0222360B6B60024B459 /* TabBarView.swift in Sources */,
				2C6AC59523A94EDD00FCED8A /* FeedListView.swift in Sources */,
				2C6AC5A123A9590600FCED8A /* FeedController.swift in Sources */,
				2C30B0202360B6940024B459 /* ToggleSettingRow.swift in Sources */,
				2C6AC59923A9518600FCED8A /* ActionSettingRow.swift in Sources */,
				2C35B2612343355700DF0674 /* AppDelegate.swift in Sources */,
				2C30B0292360C8C10024B459 /* UserRepository.swift in Sources */,
				2C6AC59D23A9547400FCED8A /* AuthController.swift in Sources */,
				2C30B02E2361A2880024B459 /* FBUser.swift in Sources */,
				2C6AC5A323A95AF500FCED8A /* FeedRow.swift in Sources */,
				2C35B2632343355700DF0674 /* SceneDelegate.swift in Sources */,
				2C6AC59723A94EEC00FCED8A /* FeedDetailView.swift in Sources */,
				2C35B3CB2344648B00DF0674 /* SetupView.swift in Sources */,
				2C23CCE22354496800DAFC18 /* DefaultUserInfo.swift in Sources */,
				2C30B01D2360B6600024B459 /* UserInfo.swift in Sources */,
				2C6AC59B23A9540800FCED8A /* SettingController.swift in Sources */,
				2C30B01E2360B6780024B459 /* LoginView.swift in Sources */,
				2C6EC1632346023400C644E5 /* DefaultRoutingResolver.swift in Sources */,
				2C30B02B2360C9160024B459 /* FBService.swift in Sources */,
			);
			runOnlyForDeploymentPostprocessing = 0;
		};
		2C35B26F2343355900DF0674 /* Sources */ = {
			isa = PBXSourcesBuildPhase;
			buildActionMask = 2147483647;
			files = (
				2C35B2782343355900DF0674 /* ViperAppTests.swift in Sources */,
			);
			runOnlyForDeploymentPostprocessing = 0;
		};
		2C35B27A2343355900DF0674 /* Sources */ = {
			isa = PBXSourcesBuildPhase;
			buildActionMask = 2147483647;
			files = (
				2C35B2832343355900DF0674 /* ViperAppUITests.swift in Sources */,
			);
			runOnlyForDeploymentPostprocessing = 0;
		};
/* End PBXSourcesBuildPhase section */

/* Begin PBXTargetDependency section */
		2C35B2752343355900DF0674 /* PBXTargetDependency */ = {
			isa = PBXTargetDependency;
			target = 2C35B25C2343355700DF0674 /* ViperApp */;
			targetProxy = 2C35B2742343355900DF0674 /* PBXContainerItemProxy */;
		};
		2C35B2802343355900DF0674 /* PBXTargetDependency */ = {
			isa = PBXTargetDependency;
			target = 2C35B25C2343355700DF0674 /* ViperApp */;
			targetProxy = 2C35B27F2343355900DF0674 /* PBXContainerItemProxy */;
		};
/* End PBXTargetDependency section */

/* Begin PBXVariantGroup section */
		2C35B26B2343355900DF0674 /* LaunchScreen.storyboard */ = {
			isa = PBXVariantGroup;
			children = (
				2C35B26C2343355900DF0674 /* Base */,
			);
			name = LaunchScreen.storyboard;
			sourceTree = "<group>";
		};
/* End PBXVariantGroup section */

/* Begin XCBuildConfiguration section */
		2C35B2852343355900DF0674 /* Debug */ = {
			isa = XCBuildConfiguration;
			buildSettings = {
				ALWAYS_SEARCH_USER_PATHS = NO;
				CLANG_ANALYZER_NONNULL = YES;
				CLANG_ANALYZER_NUMBER_OBJECT_CONVERSION = YES_AGGRESSIVE;
				CLANG_CXX_LANGUAGE_STANDARD = "gnu++14";
				CLANG_CXX_LIBRARY = "libc++";
				CLANG_ENABLE_MODULES = YES;
				CLANG_ENABLE_OBJC_ARC = YES;
				CLANG_ENABLE_OBJC_WEAK = YES;
				CLANG_WARN_BLOCK_CAPTURE_AUTORELEASING = YES;
				CLANG_WARN_BOOL_CONVERSION = YES;
				CLANG_WARN_COMMA = YES;
				CLANG_WARN_CONSTANT_CONVERSION = YES;
				CLANG_WARN_DEPRECATED_OBJC_IMPLEMENTATIONS = YES;
				CLANG_WARN_DIRECT_OBJC_ISA_USAGE = YES_ERROR;
				CLANG_WARN_DOCUMENTATION_COMMENTS = YES;
				CLANG_WARN_EMPTY_BODY = YES;
				CLANG_WARN_ENUM_CONVERSION = YES;
				CLANG_WARN_INFINITE_RECURSION = YES;
				CLANG_WARN_INT_CONVERSION = YES;
				CLANG_WARN_NON_LITERAL_NULL_CONVERSION = YES;
				CLANG_WARN_OBJC_IMPLICIT_RETAIN_SELF = YES;
				CLANG_WARN_OBJC_LITERAL_CONVERSION = YES;
				CLANG_WARN_OBJC_ROOT_CLASS = YES_ERROR;
				CLANG_WARN_RANGE_LOOP_ANALYSIS = YES;
				CLANG_WARN_STRICT_PROTOTYPES = YES;
				CLANG_WARN_SUSPICIOUS_MOVE = YES;
				CLANG_WARN_UNGUARDED_AVAILABILITY = YES_AGGRESSIVE;
				CLANG_WARN_UNREACHABLE_CODE = YES;
				CLANG_WARN__DUPLICATE_METHOD_MATCH = YES;
				COPY_PHASE_STRIP = NO;
				DEBUG_INFORMATION_FORMAT = dwarf;
				ENABLE_STRICT_OBJC_MSGSEND = YES;
				ENABLE_TESTABILITY = YES;
				GCC_C_LANGUAGE_STANDARD = gnu11;
				GCC_DYNAMIC_NO_PIC = NO;
				GCC_NO_COMMON_BLOCKS = YES;
				GCC_OPTIMIZATION_LEVEL = 0;
				GCC_PREPROCESSOR_DEFINITIONS = (
					"DEBUG=1",
					"$(inherited)",
				);
				GCC_WARN_64_TO_32_BIT_CONVERSION = YES;
				GCC_WARN_ABOUT_RETURN_TYPE = YES_ERROR;
				GCC_WARN_UNDECLARED_SELECTOR = YES;
				GCC_WARN_UNINITIALIZED_AUTOS = YES_AGGRESSIVE;
				GCC_WARN_UNUSED_FUNCTION = YES;
				GCC_WARN_UNUSED_VARIABLE = YES;
				IPHONEOS_DEPLOYMENT_TARGET = 13.0;
				MTL_ENABLE_DEBUG_INFO = INCLUDE_SOURCE;
				MTL_FAST_MATH = YES;
				ONLY_ACTIVE_ARCH = YES;
				SDKROOT = iphoneos;
				SWIFT_ACTIVE_COMPILATION_CONDITIONS = DEBUG;
				SWIFT_OPTIMIZATION_LEVEL = "-Onone";
			};
			name = Debug;
		};
		2C35B2862343355900DF0674 /* Release */ = {
			isa = XCBuildConfiguration;
			buildSettings = {
				ALWAYS_SEARCH_USER_PATHS = NO;
				CLANG_ANALYZER_NONNULL = YES;
				CLANG_ANALYZER_NUMBER_OBJECT_CONVERSION = YES_AGGRESSIVE;
				CLANG_CXX_LANGUAGE_STANDARD = "gnu++14";
				CLANG_CXX_LIBRARY = "libc++";
				CLANG_ENABLE_MODULES = YES;
				CLANG_ENABLE_OBJC_ARC = YES;
				CLANG_ENABLE_OBJC_WEAK = YES;
				CLANG_WARN_BLOCK_CAPTURE_AUTORELEASING = YES;
				CLANG_WARN_BOOL_CONVERSION = YES;
				CLANG_WARN_COMMA = YES;
				CLANG_WARN_CONSTANT_CONVERSION = YES;
				CLANG_WARN_DEPRECATED_OBJC_IMPLEMENTATIONS = YES;
				CLANG_WARN_DIRECT_OBJC_ISA_USAGE = YES_ERROR;
				CLANG_WARN_DOCUMENTATION_COMMENTS = YES;
				CLANG_WARN_EMPTY_BODY = YES;
				CLANG_WARN_ENUM_CONVERSION = YES;
				CLANG_WARN_INFINITE_RECURSION = YES;
				CLANG_WARN_INT_CONVERSION = YES;
				CLANG_WARN_NON_LITERAL_NULL_CONVERSION = YES;
				CLANG_WARN_OBJC_IMPLICIT_RETAIN_SELF = YES;
				CLANG_WARN_OBJC_LITERAL_CONVERSION = YES;
				CLANG_WARN_OBJC_ROOT_CLASS = YES_ERROR;
				CLANG_WARN_RANGE_LOOP_ANALYSIS = YES;
				CLANG_WARN_STRICT_PROTOTYPES = YES;
				CLANG_WARN_SUSPICIOUS_MOVE = YES;
				CLANG_WARN_UNGUARDED_AVAILABILITY = YES_AGGRESSIVE;
				CLANG_WARN_UNREACHABLE_CODE = YES;
				CLANG_WARN__DUPLICATE_METHOD_MATCH = YES;
				COPY_PHASE_STRIP = NO;
				DEBUG_INFORMATION_FORMAT = "dwarf-with-dsym";
				ENABLE_NS_ASSERTIONS = NO;
				ENABLE_STRICT_OBJC_MSGSEND = YES;
				GCC_C_LANGUAGE_STANDARD = gnu11;
				GCC_NO_COMMON_BLOCKS = YES;
				GCC_WARN_64_TO_32_BIT_CONVERSION = YES;
				GCC_WARN_ABOUT_RETURN_TYPE = YES_ERROR;
				GCC_WARN_UNDECLARED_SELECTOR = YES;
				GCC_WARN_UNINITIALIZED_AUTOS = YES_AGGRESSIVE;
				GCC_WARN_UNUSED_FUNCTION = YES;
				GCC_WARN_UNUSED_VARIABLE = YES;
				IPHONEOS_DEPLOYMENT_TARGET = 13.0;
				MTL_ENABLE_DEBUG_INFO = NO;
				MTL_FAST_MATH = YES;
				SDKROOT = iphoneos;
				SWIFT_COMPILATION_MODE = wholemodule;
				SWIFT_OPTIMIZATION_LEVEL = "-O";
				VALIDATE_PRODUCT = YES;
			};
			name = Release;
		};
		2C35B2882343355900DF0674 /* Debug */ = {
			isa = XCBuildConfiguration;
			baseConfigurationReference = 36DFCC339CBA6F76DD4DAE45 /* Pods-ViperApp.debug.xcconfig */;
			buildSettings = {
				ALWAYS_EMBED_SWIFT_STANDARD_LIBRARIES = "$(inherited)";
				ASSETCATALOG_COMPILER_APPICON_NAME = AppIcon;
				CODE_SIGN_IDENTITY = "Apple Development";
				CODE_SIGN_STYLE = Automatic;
				DEVELOPMENT_ASSET_PATHS = "\"ViperApp/Preview Content\"";
				DEVELOPMENT_TEAM = "";
				ENABLE_PREVIEWS = YES;
				INFOPLIST_FILE = ViperApp/Info.plist;
				LD_RUNPATH_SEARCH_PATHS = (
					"$(inherited)",
					"@executable_path/Frameworks",
				);
				PRODUCT_BUNDLE_IDENTIFIER = ios.viperapp;
				PRODUCT_NAME = "$(TARGET_NAME)";
				PROVISIONING_PROFILE_SPECIFIER = "";
				SWIFT_VERSION = 5.0;
				TARGETED_DEVICE_FAMILY = "1,2";
			};
			name = Debug;
		};
		2C35B2892343355900DF0674 /* Release */ = {
			isa = XCBuildConfiguration;
			baseConfigurationReference = BE90FB9DA4FC65139ACC7BDA /* Pods-ViperApp.release.xcconfig */;
			buildSettings = {
				ALWAYS_EMBED_SWIFT_STANDARD_LIBRARIES = "$(inherited)";
				ASSETCATALOG_COMPILER_APPICON_NAME = AppIcon;
				CODE_SIGN_IDENTITY = "Apple Development";
				CODE_SIGN_STYLE = Automatic;
				DEVELOPMENT_ASSET_PATHS = "\"ViperApp/Preview Content\"";
				DEVELOPMENT_TEAM = "";
				ENABLE_PREVIEWS = YES;
				INFOPLIST_FILE = ViperApp/Info.plist;
				LD_RUNPATH_SEARCH_PATHS = (
					"$(inherited)",
					"@executable_path/Frameworks",
				);
				PRODUCT_BUNDLE_IDENTIFIER = ios.viperapp;
				PRODUCT_NAME = "$(TARGET_NAME)";
				PROVISIONING_PROFILE_SPECIFIER = "";
				SWIFT_VERSION = 5.0;
				TARGETED_DEVICE_FAMILY = "1,2";
			};
			name = Release;
		};
		2C35B28B2343355900DF0674 /* Debug */ = {
			isa = XCBuildConfiguration;
			buildSettings = {
				ALWAYS_EMBED_SWIFT_STANDARD_LIBRARIES = YES;
				BUNDLE_LOADER = "$(TEST_HOST)";
				CODE_SIGN_STYLE = Automatic;
				INFOPLIST_FILE = ViperAppTests/Info.plist;
				IPHONEOS_DEPLOYMENT_TARGET = 13.0;
				LD_RUNPATH_SEARCH_PATHS = (
					"$(inherited)",
					"@executable_path/Frameworks",
					"@loader_path/Frameworks",
				);
				PRODUCT_BUNDLE_IDENTIFIER = ios.ViperAppTests;
				PRODUCT_NAME = "$(TARGET_NAME)";
				SWIFT_VERSION = 5.0;
				TARGETED_DEVICE_FAMILY = "1,2";
				TEST_HOST = "$(BUILT_PRODUCTS_DIR)/ViperApp.app/ViperApp";
			};
			name = Debug;
		};
		2C35B28C2343355900DF0674 /* Release */ = {
			isa = XCBuildConfiguration;
			buildSettings = {
				ALWAYS_EMBED_SWIFT_STANDARD_LIBRARIES = YES;
				BUNDLE_LOADER = "$(TEST_HOST)";
				CODE_SIGN_STYLE = Automatic;
				INFOPLIST_FILE = ViperAppTests/Info.plist;
				IPHONEOS_DEPLOYMENT_TARGET = 13.0;
				LD_RUNPATH_SEARCH_PATHS = (
					"$(inherited)",
					"@executable_path/Frameworks",
					"@loader_path/Frameworks",
				);
				PRODUCT_BUNDLE_IDENTIFIER = ios.ViperAppTests;
				PRODUCT_NAME = "$(TARGET_NAME)";
				SWIFT_VERSION = 5.0;
				TARGETED_DEVICE_FAMILY = "1,2";
				TEST_HOST = "$(BUILT_PRODUCTS_DIR)/ViperApp.app/ViperApp";
			};
			name = Release;
		};
		2C35B28E2343355900DF0674 /* Debug */ = {
			isa = XCBuildConfiguration;
			buildSettings = {
				ALWAYS_EMBED_SWIFT_STANDARD_LIBRARIES = YES;
				CODE_SIGN_STYLE = Automatic;
				INFOPLIST_FILE = ViperAppUITests/Info.plist;
				LD_RUNPATH_SEARCH_PATHS = (
					"$(inherited)",
					"@executable_path/Frameworks",
					"@loader_path/Frameworks",
				);
				PRODUCT_BUNDLE_IDENTIFIER = ios.ViperAppUITests;
				PRODUCT_NAME = "$(TARGET_NAME)";
				SWIFT_VERSION = 5.0;
				TARGETED_DEVICE_FAMILY = "1,2";
				TEST_TARGET_NAME = ViperApp;
			};
			name = Debug;
		};
		2C35B28F2343355900DF0674 /* Release */ = {
			isa = XCBuildConfiguration;
			buildSettings = {
				ALWAYS_EMBED_SWIFT_STANDARD_LIBRARIES = YES;
				CODE_SIGN_STYLE = Automatic;
				INFOPLIST_FILE = ViperAppUITests/Info.plist;
				LD_RUNPATH_SEARCH_PATHS = (
					"$(inherited)",
					"@executable_path/Frameworks",
					"@loader_path/Frameworks",
				);
				PRODUCT_BUNDLE_IDENTIFIER = ios.ViperAppUITests;
				PRODUCT_NAME = "$(TARGET_NAME)";
				SWIFT_VERSION = 5.0;
				TARGETED_DEVICE_FAMILY = "1,2";
				TEST_TARGET_NAME = ViperApp;
			};
			name = Release;
		};
/* End XCBuildConfiguration section */

/* Begin XCConfigurationList section */
		2C35B2582343355700DF0674 /* Build configuration list for PBXProject "ViperApp" */ = {
			isa = XCConfigurationList;
			buildConfigurations = (
				2C35B2852343355900DF0674 /* Debug */,
				2C35B2862343355900DF0674 /* Release */,
			);
			defaultConfigurationIsVisible = 0;
			defaultConfigurationName = Release;
		};
		2C35B2872343355900DF0674 /* Build configuration list for PBXNativeTarget "ViperApp" */ = {
			isa = XCConfigurationList;
			buildConfigurations = (
				2C35B2882343355900DF0674 /* Debug */,
				2C35B2892343355900DF0674 /* Release */,
			);
			defaultConfigurationIsVisible = 0;
			defaultConfigurationName = Release;
		};
		2C35B28A2343355900DF0674 /* Build configuration list for PBXNativeTarget "ViperAppTests" */ = {
			isa = XCConfigurationList;
			buildConfigurations = (
				2C35B28B2343355900DF0674 /* Debug */,
				2C35B28C2343355900DF0674 /* Release */,
			);
			defaultConfigurationIsVisible = 0;
			defaultConfigurationName = Release;
		};
		2C35B28D2343355900DF0674 /* Build configuration list for PBXNativeTarget "ViperAppUITests" */ = {
			isa = XCConfigurationList;
			buildConfigurations = (
				2C35B28E2343355900DF0674 /* Debug */,
				2C35B28F2343355900DF0674 /* Release */,
			);
			defaultConfigurationIsVisible = 0;
			defaultConfigurationName = Release;
		};
/* End XCConfigurationList section */
	};
	rootObject = 2C35B2552343355700DF0674 /* Project object */;
}
